
Microsoft Visual Studio Solution File, Format Version 12.00
# Visual Studio Version 17
VisualStudioVersion = 17.14.36310.24 d17.14
MinimumVisualStudioVersion = 10.0.40219.1
Project("{FAE04EC0-301F-11D3-BF4B-00C04F79EFBC}") = "CsvBuilderPattern", "CsvBuilderPattern\CsvBuilderPattern.csproj", "{AE671F00-5D19-47F0-906C-A8F395A98A02}"
EndProject
Global
	GlobalSection(SolutionConfigurationPlatforms) = preSolution
		Debug|Any CPU = Debug|Any CPU
		Release|Any CPU = Release|Any CPU
	EndGlobalSection
	GlobalSection(ProjectConfigurationPlatforms) = postSolution
		{AE671F00-5D19-47F0-906C-A8F395A98A02}.Debug|Any CPU.ActiveCfg = Debug|Any CPU
		{AE671F00-5D19-47F0-906C-A8F395A98A02}.Debug|Any CPU.Build.0 = Debug|Any CPU
		{AE671F00-5D19-47F0-906C-A8F395A98A02}.Release|Any CPU.ActiveCfg = Release|Any CPU
		{AE671F00-5D19-47F0-906C-A8F395A98A02}.Release|Any CPU.Build.0 = Release|Any CPU
	EndGlobalSection
	GlobalSection(SolutionProperties) = preSolution
		HideSolutionNode = FALSE
	EndGlobalSection
	GlobalSection(ExtensibilityGlobals) = postSolution
		SolutionGuid = {16EACF68-81DA-4D66-858A-73A6F6CE9CE4}
	EndGlobalSection
EndGlobal
